<?xml version="1.0" encoding="utf-8"?>
<Project ToolsVersion="4.0" xmlns="http://schemas.microsoft.com/developer/msbuild/2003">
  <ItemGroup>
    <Filter Include="src">
      <UniqueIdentifier>{2ea6b130-7e07-4bd4-b67d-5a54c1543fef}</UniqueIdentifier>
    </Filter>
    <Filter Include="src\modules">
      <UniqueIdentifier>{c456d0c6-b3c5-4b3e-af84-7b2b0ada3f37}</UniqueIdentifier>
    </Filter>
    <Filter Include="src\core">
      <UniqueIdentifier>{a97e9dba-9748-4111-b66c-1c941554c36a}</UniqueIdentifier>
    </Filter>
    <Filter Include="src\extension">
      <UniqueIdentifier>{ae126d97-f0d2-4215-8e9b-f63fcee10fae}</UniqueIdentifier>
    </Filter>
    <Filter Include="src\application">
      <UniqueIdentifier>{69b6d858-74b7-4eec-be4e-ceca471426fb}</UniqueIdentifier>
    </Filter>
    <Filter Include="src\application\base">
      <UniqueIdentifier>{38c42595-31e1-471d-8aee-e5f998d7490e}</UniqueIdentifier>
    </Filter>
    <Filter Include="src\modules\ecs">
      <UniqueIdentifier>{b35f8696-ae17-410e-8d80-c83e4b0e10cd}</UniqueIdentifier>
    </Filter>
    <Filter Include="src\application\ecs_test">
      <UniqueIdentifier>{3ba5bb74-29a3-4dee-9d08-0973432e028d}</UniqueIdentifier>
    </Filter>
    <Filter Include="src\modules\dxlib">
      <UniqueIdentifier>{fccba595-35b5-4261-9ed7-b982524505c3}</UniqueIdentifier>
    </Filter>
    <Filter Include="src\extension\ImGui">
      <UniqueIdentifier>{6cc2da2a-b1d4-4e47-9f66-cbe9aaa1dce4}</UniqueIdentifier>
    </Filter>
    <Filter Include="src\modules\input">
      <UniqueIdentifier>{ade3f00f-7dc5-4807-89a0-934f7a039aa6}</UniqueIdentifier>
    </Filter>
    <Filter Include="src\utl">
      <UniqueIdentifier>{ac6691e1-559a-4721-958f-37c193276bd8}</UniqueIdentifier>
    </Filter>
    <Filter Include="src\extension\nlohmann">
      <UniqueIdentifier>{5b4e8bf6-ad55-425e-877f-7a7f7f72f69d}</UniqueIdentifier>
    </Filter>
    <Filter Include="src\extension\uuid4">
      <UniqueIdentifier>{ef01af4d-5932-4e5a-aab3-e95546f9b97f}</UniqueIdentifier>
    </Filter>
    <Filter Include="src\extension\magic_enum">
      <UniqueIdentifier>{66dc91dd-15eb-4b5f-8668-f988722a3a3e}</UniqueIdentifier>
    </Filter>
    <Filter Include="src\extension\Joyshock">
      <UniqueIdentifier>{bcbafc5b-0c12-4fab-aed0-5fe869bec46c}</UniqueIdentifier>
    </Filter>
  </ItemGroup>
  <ItemGroup>
    <ClInclude Include="src\application\base\ApplicationBase.h">
      <Filter>src\application\base</Filter>
    </ClInclude>
    <ClInclude Include="src\application\ecs_test\ECSTestApp.h">
      <Filter>src\application\ecs_test</Filter>
    </ClInclude>
    <ClInclude Include="src\application\ecs_test\MovementSystem.h">
      <Filter>src\application\ecs_test</Filter>
    </ClInclude>
    <ClInclude Include="src\application\ecs_test\Position.h">
      <Filter>src\application\ecs_test</Filter>
    </ClInclude>
    <ClInclude Include="src\application\ecs_test\Velocity.h">
      <Filter>src\application\ecs_test</Filter>
    </ClInclude>
    <ClInclude Include="src\modules\dxlib\ACSM_Dxlib.h">
      <Filter>src\modules\dxlib</Filter>
    </ClInclude>
    <ClInclude Include="src\core\UseModules.h">
      <Filter>src\core</Filter>
    </ClInclude>
    <ClInclude Include="src\modules\ecs\ACSM_ECS.h">
      <Filter>src\modules\ecs</Filter>
    </ClInclude>
    <ClInclude Include="Pch.h">
      <Filter>src</Filter>
    </ClInclude>
    <ClInclude Include="src\modules\ecs\seecs.h">
      <Filter>src\modules\ecs</Filter>
    </ClInclude>
    <ClInclude Include="src\extension\ImGui\imconfig.h">
      <Filter>src\extension\ImGui</Filter>
    </ClInclude>
    <ClInclude Include="src\extension\ImGui\imgui.h">
      <Filter>src\extension\ImGui</Filter>
    </ClInclude>
    <ClInclude Include="src\extension\ImGui\imgui_impl_dx9.h">
      <Filter>src\extension\ImGui</Filter>
    </ClInclude>
    <ClInclude Include="src\extension\ImGui\imgui_impl_dx11.h">
      <Filter>src\extension\ImGui</Filter>
    </ClInclude>
    <ClInclude Include="src\extension\ImGui\imgui_impl_dxlib.hpp">
      <Filter>src\extension\ImGui</Filter>
    </ClInclude>
    <ClInclude Include="src\extension\ImGui\imgui_impl_win32.h">
      <Filter>src\extension\ImGui</Filter>
    </ClInclude>
    <ClInclude Include="src\extension\ImGui\imgui_internal.h">
      <Filter>src\extension\ImGui</Filter>
    </ClInclude>
    <ClInclude Include="src\extension\ImGui\imstb_rectpack.h">
      <Filter>src\extension\ImGui</Filter>
    </ClInclude>
    <ClInclude Include="src\extension\ImGui\imstb_textedit.h">
      <Filter>src\extension\ImGui</Filter>
    </ClInclude>
    <ClInclude Include="src\extension\ImGui\imstb_truetype.h">
      <Filter>src\extension\ImGui</Filter>
    </ClInclude>
    <ClInclude Include="src\utl\enum\ACSM_Enum.h">
      <Filter>src\utl</Filter>
    </ClInclude>
    <ClInclude Include="src\extension\uuid4\uuid4.h">
      <Filter>src\extension\uuid4</Filter>
    </ClInclude>
    <ClInclude Include="src\extension\nlohmann\adl_serializer.hpp">
      <Filter>src\extension\nlohmann</Filter>
    </ClInclude>
    <ClInclude Include="src\extension\nlohmann\byte_container_with_subtype.hpp">
      <Filter>src\extension\nlohmann</Filter>
    </ClInclude>
    <ClInclude Include="src\extension\nlohmann\detail\abi_macros.hpp">
      <Filter>src\extension\nlohmann</Filter>
    </ClInclude>
    <ClInclude Include="src\extension\nlohmann\detail\conversions\from_json.hpp">
      <Filter>src\extension\nlohmann</Filter>
    </ClInclude>
    <ClInclude Include="src\extension\nlohmann\detail\conversions\to_chars.hpp">
      <Filter>src\extension\nlohmann</Filter>
    </ClInclude>
    <ClInclude Include="src\extension\nlohmann\detail\conversions\to_json.hpp">
      <Filter>src\extension\nlohmann</Filter>
    </ClInclude>
    <ClInclude Include="src\extension\nlohmann\detail\exceptions.hpp">
      <Filter>src\extension\nlohmann</Filter>
    </ClInclude>
    <ClInclude Include="src\extension\nlohmann\detail\hash.hpp">
      <Filter>src\extension\nlohmann</Filter>
    </ClInclude>
    <ClInclude Include="src\extension\nlohmann\detail\input\binary_reader.hpp">
      <Filter>src\extension\nlohmann</Filter>
    </ClInclude>
    <ClInclude Include="src\extension\nlohmann\detail\input\input_adapters.hpp">
      <Filter>src\extension\nlohmann</Filter>
    </ClInclude>
    <ClInclude Include="src\extension\nlohmann\detail\input\json_sax.hpp">
      <Filter>src\extension\nlohmann</Filter>
    </ClInclude>
    <ClInclude Include="src\extension\nlohmann\detail\input\lexer.hpp">
      <Filter>src\extension\nlohmann</Filter>
    </ClInclude>
    <ClInclude Include="src\extension\nlohmann\detail\input\parser.hpp">
      <Filter>src\extension\nlohmann</Filter>
    </ClInclude>
    <ClInclude Include="src\extension\nlohmann\detail\input\position_t.hpp">
      <Filter>src\extension\nlohmann</Filter>
    </ClInclude>
    <ClInclude Include="src\extension\nlohmann\detail\iterators\internal_iterator.hpp">
      <Filter>src\extension\nlohmann</Filter>
    </ClInclude>
    <ClInclude Include="src\extension\nlohmann\detail\iterators\iteration_proxy.hpp">
      <Filter>src\extension\nlohmann</Filter>
    </ClInclude>
    <ClInclude Include="src\extension\nlohmann\detail\iterators\iterator_traits.hpp">
      <Filter>src\extension\nlohmann</Filter>
    </ClInclude>
    <ClInclude Include="src\extension\nlohmann\detail\iterators\iter_impl.hpp">
      <Filter>src\extension\nlohmann</Filter>
    </ClInclude>
    <ClInclude Include="src\extension\nlohmann\detail\iterators\json_reverse_iterator.hpp">
      <Filter>src\extension\nlohmann</Filter>
    </ClInclude>
    <ClInclude Include="src\extension\nlohmann\detail\iterators\primitive_iterator.hpp">
      <Filter>src\extension\nlohmann</Filter>
    </ClInclude>
    <ClInclude Include="src\extension\nlohmann\detail\json_custom_base_class.hpp">
      <Filter>src\extension\nlohmann</Filter>
    </ClInclude>
    <ClInclude Include="src\extension\nlohmann\detail\json_pointer.hpp">
      <Filter>src\extension\nlohmann</Filter>
    </ClInclude>
    <ClInclude Include="src\extension\nlohmann\detail\json_ref.hpp">
      <Filter>src\extension\nlohmann</Filter>
    </ClInclude>
    <ClInclude Include="src\extension\nlohmann\detail\macro_scope.hpp">
      <Filter>src\extension\nlohmann</Filter>
    </ClInclude>
    <ClInclude Include="src\extension\nlohmann\detail\macro_unscope.hpp">
      <Filter>src\extension\nlohmann</Filter>
    </ClInclude>
    <ClInclude Include="src\extension\nlohmann\detail\meta\call_std\begin.hpp">
      <Filter>src\extension\nlohmann</Filter>
    </ClInclude>
    <ClInclude Include="src\extension\nlohmann\detail\meta\call_std\end.hpp">
      <Filter>src\extension\nlohmann</Filter>
    </ClInclude>
    <ClInclude Include="src\extension\nlohmann\detail\meta\cpp_future.hpp">
      <Filter>src\extension\nlohmann</Filter>
    </ClInclude>
    <ClInclude Include="src\extension\nlohmann\detail\meta\detected.hpp">
      <Filter>src\extension\nlohmann</Filter>
    </ClInclude>
    <ClInclude Include="src\extension\nlohmann\detail\meta\identity_tag.hpp">
      <Filter>src\extension\nlohmann</Filter>
    </ClInclude>
    <ClInclude Include="src\extension\nlohmann\detail\meta\is_sax.hpp">
      <Filter>src\extension\nlohmann</Filter>
    </ClInclude>
    <ClInclude Include="src\extension\nlohmann\detail\meta\std_fs.hpp">
      <Filter>src\extension\nlohmann</Filter>
    </ClInclude>
    <ClInclude Include="src\extension\nlohmann\detail\meta\type_traits.hpp">
      <Filter>src\extension\nlohmann</Filter>
    </ClInclude>
    <ClInclude Include="src\extension\nlohmann\detail\meta\void_t.hpp">
      <Filter>src\extension\nlohmann</Filter>
    </ClInclude>
    <ClInclude Include="src\extension\nlohmann\detail\output\binary_writer.hpp">
      <Filter>src\extension\nlohmann</Filter>
    </ClInclude>
    <ClInclude Include="src\extension\nlohmann\detail\output\output_adapters.hpp">
      <Filter>src\extension\nlohmann</Filter>
    </ClInclude>
    <ClInclude Include="src\extension\nlohmann\detail\output\serializer.hpp">
      <Filter>src\extension\nlohmann</Filter>
    </ClInclude>
    <ClInclude Include="src\extension\nlohmann\detail\string_concat.hpp">
      <Filter>src\extension\nlohmann</Filter>
    </ClInclude>
    <ClInclude Include="src\extension\nlohmann\detail\string_escape.hpp">
      <Filter>src\extension\nlohmann</Filter>
    </ClInclude>
    <ClInclude Include="src\extension\nlohmann\detail\value_t.hpp">
      <Filter>src\extension\nlohmann</Filter>
    </ClInclude>
    <ClInclude Include="src\extension\nlohmann\json.hpp">
      <Filter>src\extension\nlohmann</Filter>
    </ClInclude>
    <ClInclude Include="src\extension\nlohmann\json_fwd.hpp">
      <Filter>src\extension\nlohmann</Filter>
    </ClInclude>
    <ClInclude Include="src\extension\nlohmann\ordered_map.hpp">
      <Filter>src\extension\nlohmann</Filter>
    </ClInclude>
    <ClInclude Include="src\extension\nlohmann\thirdparty\hedley\hedley.hpp">
      <Filter>src\extension\nlohmann</Filter>
    </ClInclude>
    <ClInclude Include="src\extension\nlohmann\thirdparty\hedley\hedley_undef.hpp">
      <Filter>src\extension\nlohmann</Filter>
    </ClInclude>
    <ClInclude Include="src\extension\magic_enum\magic_enum.hpp">
      <Filter>src\extension\magic_enum</Filter>
    </ClInclude>
    <ClInclude Include="src\modules\input\ACSM_Input.h">
      <Filter>src\modules\input</Filter>
    </ClInclude>
    <ClInclude Include="src\modules\input\JoyshockWrapper.h">
      <Filter>src\modules\input</Filter>
    </ClInclude>
    <ClInclude Include="src\extension\Joyshock\JoyShockLibrary.h">
      <Filter>src\extension\Joyshock</Filter>
    </ClInclude>
    <ClInclude Include="src\modules\input\KeyWrapper.h">
      <Filter>src\modules\input</Filter>
    </ClInclude>
    <ClInclude Include="src\application\ecs_test\RenderingSystem.h">
      <Filter>src\application\ecs_test</Filter>
    </ClInclude>
    <ClInclude Include="src\application\ecs_test\Color.h">
      <Filter>src\application\ecs_test</Filter>
    </ClInclude>
    <ClInclude Include="src\application\ecs_test\Scale.h">
      <Filter>src\application\ecs_test</Filter>
    </ClInclude>
  </ItemGroup>
  <ItemGroup>
    <ClCompile Include="src\application\ecs_test\ECSTestApp.cpp">
      <Filter>src\application\ecs_test</Filter>
    </ClCompile>
    <ClCompile Include="src\main.cpp">
      <Filter>src</Filter>
    </ClCompile>
    <ClCompile Include="Pch.cpp">
      <Filter>src</Filter>
    </ClCompile>
    <ClCompile Include="src\modules\dxlib\ACSM_Dxlib.cpp">
      <Filter>src\modules\dxlib</Filter>
    </ClCompile>
    <ClCompile Include="src\extension\ImGui\imgui.cpp">
      <Filter>src\extension\ImGui</Filter>
    </ClCompile>
    <ClCompile Include="src\extension\ImGui\imgui_draw.cpp">
      <Filter>src\extension\ImGui</Filter>
    </ClCompile>
    <ClCompile Include="src\extension\ImGui\imgui_impl_dx9.cpp">
      <Filter>src\extension\ImGui</Filter>
    </ClCompile>
    <ClCompile Include="src\extension\ImGui\imgui_impl_dx11.cpp">
      <Filter>src\extension\ImGui</Filter>
    </ClCompile>
    <ClCompile Include="src\extension\ImGui\imgui_impl_win32.cpp">
      <Filter>src\extension\ImGui</Filter>
    </ClCompile>
    <ClCompile Include="src\extension\ImGui\imgui_ja_gryph_ranges.cpp">
      <Filter>src\extension\ImGui</Filter>
    </ClCompile>
    <ClCompile Include="src\extension\ImGui\imgui_tables.cpp">
      <Filter>src\extension\ImGui</Filter>
    </ClCompile>
    <ClCompile Include="src\extension\ImGui\imgui_widgets.cpp">
      <Filter>src\extension\ImGui</Filter>
    </ClCompile>
    <ClCompile Include="src\extension\uuid4\uuid4.cpp">
      <Filter>src\extension\uuid4</Filter>
    </ClCompile>
    <ClCompile Include="src\modules\input\JoyshockWrapper.cpp">
      <Filter>src\modules\input</Filter>
    </ClCompile>
    <ClCompile Include="src\modules\input\KeyWrapper.cpp">
      <Filter>src\modules\input</Filter>
    </ClCompile>
    <ClCompile Include="src\modules\input\ACSM_Input.cpp">
      <Filter>src\modules\input</Filter>
    </ClCompile>
  </ItemGroup>
</Project>