<?xml version="1.0" encoding="utf-8"?>
<Project ToolsVersion="4.0" xmlns="http://schemas.microsoft.com/developer/msbuild/2003">
  <ItemGroup>
    <Filter Include="app">
      <UniqueIdentifier>{2a91d551-0f17-4e3b-9e36-b97c24e2872a}</UniqueIdentifier>
    </Filter>
    <Filter Include="acs_core_sources">
      <UniqueIdentifier>{2a272b4a-ffd6-4218-a04f-afefd8eb9413}</UniqueIdentifier>
    </Filter>
    <Filter Include="acs_core_sources\src">
      <UniqueIdentifier>{2ea6b130-7e07-4bd4-b67d-5a54c1543fef}</UniqueIdentifier>
    </Filter>
    <Filter Include="acs_core_sources\src\modules">
      <UniqueIdentifier>{c456d0c6-b3c5-4b3e-af84-7b2b0ada3f37}</UniqueIdentifier>
    </Filter>
    <Filter Include="acs_core_sources\src\modules\dxlib">
      <UniqueIdentifier>{fccba595-35b5-4261-9ed7-b982524505c3}</UniqueIdentifier>
    </Filter>
    <Filter Include="acs_core_sources\src\modules\input">
      <UniqueIdentifier>{ade3f00f-7dc5-4807-89a0-934f7a039aa6}</UniqueIdentifier>
    </Filter>
    <Filter Include="acs_core_sources\src\core">
      <UniqueIdentifier>{a97e9dba-9748-4111-b66c-1c941554c36a}</UniqueIdentifier>
    </Filter>
    <Filter Include="acs_core_sources\src\extension">
      <UniqueIdentifier>{ae126d97-f0d2-4215-8e9b-f63fcee10fae}</UniqueIdentifier>
    </Filter>
    <Filter Include="acs_core_sources\src\extension\ImGui">
      <UniqueIdentifier>{6cc2da2a-b1d4-4e47-9f66-cbe9aaa1dce4}</UniqueIdentifier>
    </Filter>
    <Filter Include="acs_core_sources\src\extension\nlohmann">
      <UniqueIdentifier>{5b4e8bf6-ad55-425e-877f-7a7f7f72f69d}</UniqueIdentifier>
    </Filter>
    <Filter Include="acs_core_sources\src\extension\uuid4">
      <UniqueIdentifier>{ef01af4d-5932-4e5a-aab3-e95546f9b97f}</UniqueIdentifier>
    </Filter>
    <Filter Include="acs_core_sources\src\extension\magic_enum">
      <UniqueIdentifier>{66dc91dd-15eb-4b5f-8668-f988722a3a3e}</UniqueIdentifier>
    </Filter>
    <Filter Include="acs_core_sources\src\extension\Joyshock">
      <UniqueIdentifier>{bcbafc5b-0c12-4fab-aed0-5fe869bec46c}</UniqueIdentifier>
    </Filter>
    <Filter Include="acs_core_sources\src\utl">
      <UniqueIdentifier>{ac6691e1-559a-4721-958f-37c193276bd8}</UniqueIdentifier>
    </Filter>
    <Filter Include="acs_core_sources\src\pre-compile">
      <UniqueIdentifier>{a8caed03-2c49-470f-bc90-3982945f152b}</UniqueIdentifier>
    </Filter>
    <Filter Include="acs_core_sources\src\core\components">
      <UniqueIdentifier>{027d2f8d-dac9-4edf-9e00-8e64a3141307}</UniqueIdentifier>
    </Filter>
    <Filter Include="app\scenes">
      <UniqueIdentifier>{f0a70bd4-4f6a-4214-b1dc-369fc7bd9e73}</UniqueIdentifier>
    </Filter>
    <Filter Include="app\components">
      <UniqueIdentifier>{9377249f-516e-41bd-a682-da891b03d12a}</UniqueIdentifier>
    </Filter>
    <Filter Include="assets">
      <UniqueIdentifier>{434ad593-910f-410f-8750-9f9cd061a6bb}</UniqueIdentifier>
    </Filter>
    <Filter Include="assets\shader">
      <UniqueIdentifier>{9dc74f59-41b1-4d88-b4ce-0d65fd50dc07}</UniqueIdentifier>
    </Filter>
    <Filter Include="app\ecs">
      <UniqueIdentifier>{85a68789-2d29-4295-91b9-3fc26ed5e765}</UniqueIdentifier>
    </Filter>
    <Filter Include="app\ecs\components">
      <UniqueIdentifier>{26c9e5f6-9169-4e50-a642-f624c81d42c4}</UniqueIdentifier>
    </Filter>
    <Filter Include="app\ecs\systems">
      <UniqueIdentifier>{2bfd6c3f-2788-44f3-aa8e-fd5af2b5bc05}</UniqueIdentifier>
    </Filter>
    <Filter Include="acs_core_sources\src\extension\entt">
      <UniqueIdentifier>{e9d849a3-ffaa-4bee-ae4e-8b5c3ac2086a}</UniqueIdentifier>
    </Filter>
    <Filter Include="acs_core_sources\src\utl\Math">
      <UniqueIdentifier>{ff55a92d-b44f-4fd2-8fbf-5ec178e70b02}</UniqueIdentifier>
    </Filter>
    <Filter Include="acs_core_sources\src\utl\Time">
      <UniqueIdentifier>{774492a3-5bf2-4bab-9f5b-89ccd606d017}</UniqueIdentifier>
    </Filter>
    <Filter Include="acs_core_sources\src\utl\Enum">
      <UniqueIdentifier>{b51b3278-bfec-4cb1-8b27-71a1e2bd7fd3}</UniqueIdentifier>
    </Filter>
  </ItemGroup>
  <ItemGroup>
    <ClInclude Include="src\modules\dxlib\ACSM_Dxlib.h">
      <Filter>acs_core_sources\src\modules\dxlib</Filter>
    </ClInclude>
    <ClInclude Include="src\core\UseModules.h">
      <Filter>acs_core_sources\src\core</Filter>
    </ClInclude>
    <ClInclude Include="Pch.h">
      <Filter>acs_core_sources\src</Filter>
    </ClInclude>
    <ClInclude Include="src\extension\ImGui\imconfig.h">
      <Filter>acs_core_sources\src\extension\ImGui</Filter>
    </ClInclude>
    <ClInclude Include="src\extension\ImGui\imgui.h">
      <Filter>acs_core_sources\src\extension\ImGui</Filter>
    </ClInclude>
    <ClInclude Include="src\extension\ImGui\imgui_impl_dx9.h">
      <Filter>acs_core_sources\src\extension\ImGui</Filter>
    </ClInclude>
    <ClInclude Include="src\extension\ImGui\imgui_impl_dx11.h">
      <Filter>acs_core_sources\src\extension\ImGui</Filter>
    </ClInclude>
    <ClInclude Include="src\extension\ImGui\imgui_impl_dxlib.hpp">
      <Filter>acs_core_sources\src\extension\ImGui</Filter>
    </ClInclude>
    <ClInclude Include="src\extension\ImGui\imgui_impl_win32.h">
      <Filter>acs_core_sources\src\extension\ImGui</Filter>
    </ClInclude>
    <ClInclude Include="src\extension\ImGui\imgui_internal.h">
      <Filter>acs_core_sources\src\extension\ImGui</Filter>
    </ClInclude>
    <ClInclude Include="src\extension\ImGui\imstb_rectpack.h">
      <Filter>acs_core_sources\src\extension\ImGui</Filter>
    </ClInclude>
    <ClInclude Include="src\extension\ImGui\imstb_textedit.h">
      <Filter>acs_core_sources\src\extension\ImGui</Filter>
    </ClInclude>
    <ClInclude Include="src\extension\ImGui\imstb_truetype.h">
      <Filter>acs_core_sources\src\extension\ImGui</Filter>
    </ClInclude>
    <ClInclude Include="src\extension\uuid4\uuid4.h">
      <Filter>acs_core_sources\src\extension\uuid4</Filter>
    </ClInclude>
    <ClInclude Include="src\extension\nlohmann\adl_serializer.hpp">
      <Filter>acs_core_sources\src\extension\nlohmann</Filter>
    </ClInclude>
    <ClInclude Include="src\extension\nlohmann\byte_container_with_subtype.hpp">
      <Filter>acs_core_sources\src\extension\nlohmann</Filter>
    </ClInclude>
    <ClInclude Include="src\extension\nlohmann\detail\abi_macros.hpp">
      <Filter>acs_core_sources\src\extension\nlohmann</Filter>
    </ClInclude>
    <ClInclude Include="src\extension\nlohmann\detail\conversions\from_json.hpp">
      <Filter>acs_core_sources\src\extension\nlohmann</Filter>
    </ClInclude>
    <ClInclude Include="src\extension\nlohmann\detail\conversions\to_chars.hpp">
      <Filter>acs_core_sources\src\extension\nlohmann</Filter>
    </ClInclude>
    <ClInclude Include="src\extension\nlohmann\detail\conversions\to_json.hpp">
      <Filter>acs_core_sources\src\extension\nlohmann</Filter>
    </ClInclude>
    <ClInclude Include="src\extension\nlohmann\detail\exceptions.hpp">
      <Filter>acs_core_sources\src\extension\nlohmann</Filter>
    </ClInclude>
    <ClInclude Include="src\extension\nlohmann\detail\hash.hpp">
      <Filter>acs_core_sources\src\extension\nlohmann</Filter>
    </ClInclude>
    <ClInclude Include="src\extension\nlohmann\detail\input\binary_reader.hpp">
      <Filter>acs_core_sources\src\extension\nlohmann</Filter>
    </ClInclude>
    <ClInclude Include="src\extension\nlohmann\detail\input\input_adapters.hpp">
      <Filter>acs_core_sources\src\extension\nlohmann</Filter>
    </ClInclude>
    <ClInclude Include="src\extension\nlohmann\detail\input\json_sax.hpp">
      <Filter>acs_core_sources\src\extension\nlohmann</Filter>
    </ClInclude>
    <ClInclude Include="src\extension\nlohmann\detail\input\lexer.hpp">
      <Filter>acs_core_sources\src\extension\nlohmann</Filter>
    </ClInclude>
    <ClInclude Include="src\extension\nlohmann\detail\input\parser.hpp">
      <Filter>acs_core_sources\src\extension\nlohmann</Filter>
    </ClInclude>
    <ClInclude Include="src\extension\nlohmann\detail\input\position_t.hpp">
      <Filter>acs_core_sources\src\extension\nlohmann</Filter>
    </ClInclude>
    <ClInclude Include="src\extension\nlohmann\detail\iterators\internal_iterator.hpp">
      <Filter>acs_core_sources\src\extension\nlohmann</Filter>
    </ClInclude>
    <ClInclude Include="src\extension\nlohmann\detail\iterators\iteration_proxy.hpp">
      <Filter>acs_core_sources\src\extension\nlohmann</Filter>
    </ClInclude>
    <ClInclude Include="src\extension\nlohmann\detail\iterators\iterator_traits.hpp">
      <Filter>acs_core_sources\src\extension\nlohmann</Filter>
    </ClInclude>
    <ClInclude Include="src\extension\nlohmann\detail\iterators\iter_impl.hpp">
      <Filter>acs_core_sources\src\extension\nlohmann</Filter>
    </ClInclude>
    <ClInclude Include="src\extension\nlohmann\detail\iterators\json_reverse_iterator.hpp">
      <Filter>acs_core_sources\src\extension\nlohmann</Filter>
    </ClInclude>
    <ClInclude Include="src\extension\nlohmann\detail\iterators\primitive_iterator.hpp">
      <Filter>acs_core_sources\src\extension\nlohmann</Filter>
    </ClInclude>
    <ClInclude Include="src\extension\nlohmann\detail\json_custom_base_class.hpp">
      <Filter>acs_core_sources\src\extension\nlohmann</Filter>
    </ClInclude>
    <ClInclude Include="src\extension\nlohmann\detail\json_pointer.hpp">
      <Filter>acs_core_sources\src\extension\nlohmann</Filter>
    </ClInclude>
    <ClInclude Include="src\extension\nlohmann\detail\json_ref.hpp">
      <Filter>acs_core_sources\src\extension\nlohmann</Filter>
    </ClInclude>
    <ClInclude Include="src\extension\nlohmann\detail\macro_scope.hpp">
      <Filter>acs_core_sources\src\extension\nlohmann</Filter>
    </ClInclude>
    <ClInclude Include="src\extension\nlohmann\detail\macro_unscope.hpp">
      <Filter>acs_core_sources\src\extension\nlohmann</Filter>
    </ClInclude>
    <ClInclude Include="src\extension\nlohmann\detail\meta\call_std\begin.hpp">
      <Filter>acs_core_sources\src\extension\nlohmann</Filter>
    </ClInclude>
    <ClInclude Include="src\extension\nlohmann\detail\meta\call_std\end.hpp">
      <Filter>acs_core_sources\src\extension\nlohmann</Filter>
    </ClInclude>
    <ClInclude Include="src\extension\nlohmann\detail\meta\cpp_future.hpp">
      <Filter>acs_core_sources\src\extension\nlohmann</Filter>
    </ClInclude>
    <ClInclude Include="src\extension\nlohmann\detail\meta\detected.hpp">
      <Filter>acs_core_sources\src\extension\nlohmann</Filter>
    </ClInclude>
    <ClInclude Include="src\extension\nlohmann\detail\meta\identity_tag.hpp">
      <Filter>acs_core_sources\src\extension\nlohmann</Filter>
    </ClInclude>
    <ClInclude Include="src\extension\nlohmann\detail\meta\is_sax.hpp">
      <Filter>acs_core_sources\src\extension\nlohmann</Filter>
    </ClInclude>
    <ClInclude Include="src\extension\nlohmann\detail\meta\std_fs.hpp">
      <Filter>acs_core_sources\src\extension\nlohmann</Filter>
    </ClInclude>
    <ClInclude Include="src\extension\nlohmann\detail\meta\type_traits.hpp">
      <Filter>acs_core_sources\src\extension\nlohmann</Filter>
    </ClInclude>
    <ClInclude Include="src\extension\nlohmann\detail\meta\void_t.hpp">
      <Filter>acs_core_sources\src\extension\nlohmann</Filter>
    </ClInclude>
    <ClInclude Include="src\extension\nlohmann\detail\output\binary_writer.hpp">
      <Filter>acs_core_sources\src\extension\nlohmann</Filter>
    </ClInclude>
    <ClInclude Include="src\extension\nlohmann\detail\output\output_adapters.hpp">
      <Filter>acs_core_sources\src\extension\nlohmann</Filter>
    </ClInclude>
    <ClInclude Include="src\extension\nlohmann\detail\output\serializer.hpp">
      <Filter>acs_core_sources\src\extension\nlohmann</Filter>
    </ClInclude>
    <ClInclude Include="src\extension\nlohmann\detail\string_concat.hpp">
      <Filter>acs_core_sources\src\extension\nlohmann</Filter>
    </ClInclude>
    <ClInclude Include="src\extension\nlohmann\detail\string_escape.hpp">
      <Filter>acs_core_sources\src\extension\nlohmann</Filter>
    </ClInclude>
    <ClInclude Include="src\extension\nlohmann\detail\value_t.hpp">
      <Filter>acs_core_sources\src\extension\nlohmann</Filter>
    </ClInclude>
    <ClInclude Include="src\extension\nlohmann\json.hpp">
      <Filter>acs_core_sources\src\extension\nlohmann</Filter>
    </ClInclude>
    <ClInclude Include="src\extension\nlohmann\json_fwd.hpp">
      <Filter>acs_core_sources\src\extension\nlohmann</Filter>
    </ClInclude>
    <ClInclude Include="src\extension\nlohmann\ordered_map.hpp">
      <Filter>acs_core_sources\src\extension\nlohmann</Filter>
    </ClInclude>
    <ClInclude Include="src\extension\nlohmann\thirdparty\hedley\hedley.hpp">
      <Filter>acs_core_sources\src\extension\nlohmann</Filter>
    </ClInclude>
    <ClInclude Include="src\extension\nlohmann\thirdparty\hedley\hedley_undef.hpp">
      <Filter>acs_core_sources\src\extension\nlohmann</Filter>
    </ClInclude>
    <ClInclude Include="src\extension\magic_enum\magic_enum.hpp">
      <Filter>acs_core_sources\src\extension\magic_enum</Filter>
    </ClInclude>
    <ClInclude Include="src\modules\input\ACSM_Input.h">
      <Filter>acs_core_sources\src\modules\input</Filter>
    </ClInclude>
    <ClInclude Include="src\modules\input\JoyshockWrapper.h">
      <Filter>acs_core_sources\src\modules\input</Filter>
    </ClInclude>
    <ClInclude Include="src\extension\Joyshock\JoyShockLibrary.h">
      <Filter>acs_core_sources\src\extension\Joyshock</Filter>
    </ClInclude>
    <ClInclude Include="src\modules\input\KeyWrapper.h">
      <Filter>acs_core_sources\src\modules\input</Filter>
    </ClInclude>
    <ClInclude Include="src\core\CoreMacros.h">
      <Filter>acs_core_sources\src\core</Filter>
    </ClInclude>
    <ClInclude Include="src\core\ApplicationManager.h">
      <Filter>acs_core_sources\src\core</Filter>
    </ClInclude>
    <ClInclude Include="src\core\IApplication.h">
      <Filter>acs_core_sources\src\core</Filter>
    </ClInclude>
    <ClInclude Include="app\App.h">
      <Filter>app</Filter>
    </ClInclude>
    <ClInclude Include="src\pre-compile\stl_pre_compile.h">
      <Filter>acs_core_sources\src\pre-compile</Filter>
    </ClInclude>
    <ClInclude Include="src\pre-compile\acs_pre_compile.h">
      <Filter>acs_core_sources\src\pre-compile</Filter>
    </ClInclude>
    <ClInclude Include="src\core\IScene.h">
      <Filter>acs_core_sources\src\core</Filter>
    </ClInclude>
    <ClInclude Include="src\core\SceneManager.h">
      <Filter>acs_core_sources\src\core</Filter>
    </ClInclude>
    <ClInclude Include="src\core\IObject.h">
      <Filter>acs_core_sources\src\core</Filter>
    </ClInclude>
    <ClInclude Include="src\core\GameObject.h">
      <Filter>acs_core_sources\src\core</Filter>
    </ClInclude>
    <ClInclude Include="src\core\Transform.h">
      <Filter>acs_core_sources\src\core</Filter>
    </ClInclude>
    <ClInclude Include="src\core\GO_Component.h">
      <Filter>acs_core_sources\src\core</Filter>
    </ClInclude>
    <ClInclude Include="src\core\components\GOC_Camera.h">
      <Filter>acs_core_sources\src\core\components</Filter>
    </ClInclude>
    <ClInclude Include="src\core\SceneBase.h">
      <Filter>acs_core_sources\src\core</Filter>
    </ClInclude>
    <ClInclude Include="app\GameScene.h">
      <Filter>app\scenes</Filter>
    </ClInclude>
    <ClInclude Include="app\TitleScene.h">
      <Filter>app\scenes</Filter>
    </ClInclude>
    <ClInclude Include="app\GOC_Sprite.h">
      <Filter>app\components</Filter>
    </ClInclude>
    <ClInclude Include="src\core\components\GOC_Sky.h">
      <Filter>acs_core_sources\src\core\components</Filter>
    </ClInclude>
    <ClInclude Include="app\GOC_Rotator.h">
      <Filter>app\components</Filter>
    </ClInclude>
    <ClInclude Include="src\core\LayerManager.h">
      <Filter>acs_core_sources\src\core</Filter>
    </ClInclude>
    <ClInclude Include="app\GOC_Fader.h">
      <Filter>app\components</Filter>
    </ClInclude>
    <ClInclude Include="app\ecs\components\ECS_Components.h">
      <Filter>app\ecs\components</Filter>
    </ClInclude>
    <ClInclude Include="app\ecs\systems\ECS_Systems.h">
      <Filter>app\ecs\systems</Filter>
    </ClInclude>
    <ClInclude Include="src\extension\entt\entt.hpp">
      <Filter>acs_core_sources\src\extension\entt</Filter>
    </ClInclude>
    <ClInclude Include="app\GOC_EcsWorld.h">
      <Filter>app\components</Filter>
    </ClInclude>
    <ClInclude Include="src\core\ResourceCaches.h">
      <Filter>acs_core_sources\src\core</Filter>
    </ClInclude>
    <ClInclude Include="src\core\ResourceManager.h">
      <Filter>acs_core_sources\src\core</Filter>
    </ClInclude>
    <ClInclude Include="src\core\components\GOC_Light.h">
      <Filter>acs_core_sources\src\core\components</Filter>
    </ClInclude>
    <ClInclude Include="app\GOC_Mesh.h">
      <Filter>app\components</Filter>
    </ClInclude>
    <ClInclude Include="src\core\SceneContext.h">
      <Filter>acs_core_sources\src\core</Filter>
    </ClInclude>
    <ClInclude Include="src\utl\math\ACSU_Math.h">
      <Filter>acs_core_sources\src\utl\Math</Filter>
    </ClInclude>
    <ClInclude Include="src\utl\math\MathCommon.h">
      <Filter>acs_core_sources\src\utl\Math</Filter>
    </ClInclude>
    <ClInclude Include="src\utl\math\Matrix4x4.h">
      <Filter>acs_core_sources\src\utl\Math</Filter>
    </ClInclude>
    <ClInclude Include="src\utl\math\Quaternion.h">
      <Filter>acs_core_sources\src\utl\Math</Filter>
    </ClInclude>
    <ClInclude Include="src\utl\math\Vector3.h">
      <Filter>acs_core_sources\src\utl\Math</Filter>
    </ClInclude>
    <ClInclude Include="src\utl\time\ACSU_Time.h">
      <Filter>acs_core_sources\src\utl\Time</Filter>
    </ClInclude>
    <ClInclude Include="src\utl\enum\ACSU_Enum.h">
      <Filter>acs_core_sources\src\utl\Enum</Filter>
    </ClInclude>
    <ClInclude Include="src\utl\math\Vector2.h">
      <Filter>acs_core_sources\src\utl\Math</Filter>
    </ClInclude>
    <ClInclude Include="src\utl\math\Vector4.h">
      <Filter>acs_core_sources\src\utl\Math</Filter>
    </ClInclude>
    <ClInclude Include="src\utl\math\Plane.h">
      <Filter>acs_core_sources\src\utl\Math</Filter>
    </ClInclude>
    <ClInclude Include="src\utl\math\Rect.h">
      <Filter>acs_core_sources\src\utl\Math</Filter>
    </ClInclude>
    <ClInclude Include="src\utl\math\Ray.h">
      <Filter>acs_core_sources\src\utl\Math</Filter>
    </ClInclude>
    <ClInclude Include="src\utl\math\Bounds.h">
      <Filter>acs_core_sources\src\utl\Math</Filter>
    </ClInclude>
    <ClInclude Include="src\utl\math\Color.h">
      <Filter>acs_core_sources\src\utl\Math</Filter>
    </ClInclude>
    <ClInclude Include="src\utl\math\Mathf.h">
      <Filter>acs_core_sources\src\utl\Math</Filter>
    </ClInclude>
    <ClInclude Include="src\utl\math\MathDxLibConverter.h">
      <Filter>acs_core_sources\src\utl\Math</Filter>
    </ClInclude>
    <ClInclude Include="src\utl\math\Vector2Int.h">
      <Filter>acs_core_sources\src\utl\Math</Filter>
    </ClInclude>
    <ClInclude Include="src\utl\math\Vector3Int.h">
      <Filter>acs_core_sources\src\utl\Math</Filter>
    </ClInclude>
    <ClInclude Include="src\utl\math\Vector4Int.h">
      <Filter>acs_core_sources\src\utl\Math</Filter>
    </ClInclude>
    <ClInclude Include="src\utl\message\MessageBroker.h">
      <Filter>acs_core_sources\src\utl</Filter>
    </ClInclude>
    <ClInclude Include="src\utl\math\ACSU_Math_Wrappers.h">
      <Filter>acs_core_sources\src\utl\Math</Filter>
    </ClInclude>
  </ItemGroup>
  <ItemGroup>
    <ClCompile Include="src\main.cpp">
      <Filter>acs_core_sources\src</Filter>
    </ClCompile>
    <ClCompile Include="Pch.cpp">
      <Filter>acs_core_sources\src</Filter>
    </ClCompile>
    <ClCompile Include="src\modules\dxlib\ACSM_Dxlib.cpp">
      <Filter>acs_core_sources\src\modules\dxlib</Filter>
    </ClCompile>
    <ClCompile Include="src\extension\ImGui\imgui.cpp">
      <Filter>acs_core_sources\src\extension\ImGui</Filter>
    </ClCompile>
    <ClCompile Include="src\extension\ImGui\imgui_draw.cpp">
      <Filter>acs_core_sources\src\extension\ImGui</Filter>
    </ClCompile>
    <ClCompile Include="src\extension\ImGui\imgui_impl_dx9.cpp">
      <Filter>acs_core_sources\src\extension\ImGui</Filter>
    </ClCompile>
    <ClCompile Include="src\extension\ImGui\imgui_impl_dx11.cpp">
      <Filter>acs_core_sources\src\extension\ImGui</Filter>
    </ClCompile>
    <ClCompile Include="src\extension\ImGui\imgui_impl_win32.cpp">
      <Filter>acs_core_sources\src\extension\ImGui</Filter>
    </ClCompile>
    <ClCompile Include="src\extension\ImGui\imgui_ja_gryph_ranges.cpp">
      <Filter>acs_core_sources\src\extension\ImGui</Filter>
    </ClCompile>
    <ClCompile Include="src\extension\ImGui\imgui_tables.cpp">
      <Filter>acs_core_sources\src\extension\ImGui</Filter>
    </ClCompile>
    <ClCompile Include="src\extension\ImGui\imgui_widgets.cpp">
      <Filter>acs_core_sources\src\extension\ImGui</Filter>
    </ClCompile>
    <ClCompile Include="src\extension\uuid4\uuid4.cpp">
      <Filter>acs_core_sources\src\extension\uuid4</Filter>
    </ClCompile>
    <ClCompile Include="src\modules\input\JoyshockWrapper.cpp">
      <Filter>acs_core_sources\src\modules\input</Filter>
    </ClCompile>
    <ClCompile Include="src\modules\input\KeyWrapper.cpp">
      <Filter>acs_core_sources\src\modules\input</Filter>
    </ClCompile>
    <ClCompile Include="src\modules\input\ACSM_Input.cpp">
      <Filter>acs_core_sources\src\modules\input</Filter>
    </ClCompile>
    <ClCompile Include="app\App.cpp">
      <Filter>app</Filter>
    </ClCompile>
    <ClCompile Include="app\GameScene.cpp">
      <Filter>app\scenes</Filter>
    </ClCompile>
    <ClCompile Include="app\TitleScene.cpp">
      <Filter>app\scenes</Filter>
    </ClCompile>
    <ClCompile Include="app\GOC_Sprite.cpp">
      <Filter>app\components</Filter>
    </ClCompile>
    <ClCompile Include="src\core\Transform.cpp">
      <Filter>acs_core_sources\src\core</Filter>
    </ClCompile>
    <ClCompile Include="src\core\components\GOC_Camera.cpp">
      <Filter>acs_core_sources\src\core\components</Filter>
    </ClCompile>
    <ClCompile Include="src\core\components\GOC_Sky.cpp">
      <Filter>acs_core_sources\src\core\components</Filter>
    </ClCompile>
    <ClCompile Include="app\GOC_Rotator.cpp">
      <Filter>app\components</Filter>
    </ClCompile>
    <ClCompile Include="src\core\LayerManager.cpp">
      <Filter>acs_core_sources\src\core</Filter>
    </ClCompile>
    <ClCompile Include="src\core\GameObject.cpp">
      <Filter>acs_core_sources\src\core</Filter>
    </ClCompile>
    <ClCompile Include="app\GOC_Fader.cpp">
      <Filter>app\components</Filter>
    </ClCompile>
    <ClCompile Include="app\GOC_EcsWorld.cpp">
      <Filter>app\components</Filter>
    </ClCompile>
    <ClCompile Include="src\core\ResourceManager.cpp">
      <Filter>acs_core_sources\src\core</Filter>
    </ClCompile>
    <ClCompile Include="src\core\components\GOC_Light.cpp">
      <Filter>acs_core_sources\src\core\components</Filter>
    </ClCompile>
    <ClCompile Include="app\GOC_Mesh.cpp">
      <Filter>app\components</Filter>
    </ClCompile>
    <ClCompile Include="src\core\SceneBase.cpp">
      <Filter>acs_core_sources\src\core</Filter>
    </ClCompile>
    <ClCompile Include="src\utl\time\ACSU_Time.cpp">
      <Filter>acs_core_sources\src\utl\Time</Filter>
    </ClCompile>
    <ClCompile Include="src\utl\math\Vector3.cpp">
      <Filter>acs_core_sources\src\utl\Math</Filter>
    </ClCompile>
    <ClCompile Include="src\utl\math\Quaternion.cpp">
      <Filter>acs_core_sources\src\utl\Math</Filter>
    </ClCompile>
    <ClCompile Include="src\utl\math\Matrix4x4.cpp">
      <Filter>acs_core_sources\src\utl\Math</Filter>
    </ClCompile>
    <ClCompile Include="src\utl\math\Vector2.cpp">
      <Filter>acs_core_sources\src\utl\Math</Filter>
    </ClCompile>
  </ItemGroup>
  <ItemGroup>
    <FxCompile Include="assets\shader\SkyVS.hlsl">
      <Filter>assets\shader</Filter>
    </FxCompile>
    <FxCompile Include="assets\shader\SkyPS.hlsl">
      <Filter>assets\shader</Filter>
    </FxCompile>
  </ItemGroup>
</Project>